// !$*UTF8*$!
{
	archiveVersion = 1;
	classes = {
	};
	objectVersion = 77;
	objects = {

/* Begin PBXBuildFile section */
		D000001CAA000000000001C /* HomeMateWidgetExtension.appex in Embed Foundation Extensions */ = {isa = PBXBuildFile; fileRef = D0000010AA0000000000010 /* HomeMateWidgetExtension.appex */; settings = {ATTRIBUTES = (RemoveHeadersOnCopy, ); }; };
		D0000022AA0000000000022 /* WidgetSnapshot.swift in Sources */ = {isa = PBXBuildFile; fileRef = D0000020AA0000000000020 /* WidgetSnapshot.swift */; };
		D0000023AA0000000000023 /* AppConfig.swift in Sources */ = {isa = PBXBuildFile; fileRef = D0000021AA0000000000021 /* AppConfig.swift */; };
/* End PBXBuildFile section */

/* Begin PBXContainerItemProxy section */
		C572D73F2FF0000900909090 /* PBXContainerItemProxy */ = {
			isa = PBXContainerItemProxy;
			containerPortal = C572D7222FF0000600909090 /* Project object */;
			proxyType = 1;
			remoteGlobalIDString = C572D7292FF0000600909090;
			remoteInfo = HomeMate;
		};
		C572D7492FF0000900909090 /* PBXContainerItemProxy */ = {
			isa = PBXContainerItemProxy;
			containerPortal = C572D7222FF0000600909090 /* Project object */;
			proxyType = 1;
			remoteGlobalIDString = C572D7292FF0000600909090;
			remoteInfo = HomeMate;
		};
		D000001AAA000000000001A /* PBXContainerItemProxy */ = {
			isa = PBXContainerItemProxy;
			containerPortal = C572D7222FF0000600909090 /* Project object */;
			proxyType = 1;
			remoteGlobalIDString = D0000012AA0000000000012;
			remoteInfo = HomeMateWidgetExtension;
		};
/* End PBXContainerItemProxy section */

/* Begin PBXCopyFilesBuildPhase section */
		D000001BAA000000000001B /* Embed Foundation Extensions */ = {
			isa = PBXCopyFilesBuildPhase;
			buildActionMask = 2147483647;
			dstPath = "";
			dstSubfolderSpec = 13;
			files = (
				D000001CAA000000000001C /* HomeMateWidgetExtension.appex in Embed Foundation Extensions */,
			);
			name = "Embed Foundation Extensions";
			runOnlyForDeploymentPostprocessing = 0;
		};
/* End PBXCopyFilesBuildPhase section */

/* Begin PBXFileReference section */
		C572D72A2FF0000600909090 /* HomeMate.app */ = {isa = PBXFileReference; explicitFileType = wrapper.application; includeInIndex = 0; path = HomeMate.app; sourceTree = BUILT_PRODUCTS_DIR; };
		C572D73E2FF0000900909090 /* HomeMateTests.xctest */ = {isa = PBXFileReference; explicitFileType = wrapper.cfbundle; includeInIndex = 0; path = HomeMateTests.xctest; sourceTree = BUILT_PRODUCTS_DIR; };
		C572D7482FF0000900909090 /* HomeMateUITests.xctest */ = {isa = PBXFileReference; explicitFileType = wrapper.cfbundle; includeInIndex = 0; path = HomeMateUITests.xctest; sourceTree = BUILT_PRODUCTS_DIR; };
		D0000010AA0000000000010 /* HomeMateWidgetExtension.appex */ = {isa = PBXFileReference; explicitFileType = "wrapper.app-extension"; includeInIndex = 0; path = HomeMateWidgetExtension.appex; sourceTree = BUILT_PRODUCTS_DIR; };
		D0000020AA0000000000020 /* WidgetSnapshot.swift */ = {isa = PBXFileReference; lastKnownFileType = sourcecode.swift; name = WidgetSnapshot.swift; path = HomeMate/Shared/WidgetSnapshot.swift; sourceTree = "<group>"; };
		D0000021AA0000000000021 /* AppConfig.swift */ = {isa = PBXFileReference; lastKnownFileType = sourcecode.swift; name = AppConfig.swift; path = HomeMate/Models/AppConfig.swift; sourceTree = "<group>"; };
/* End PBXFileReference section */

/* Begin PBXFileSystemSynchronizedBuildFileExceptionSet section */
		C572D7502FF0000900909090 /* Exceptions for "HomeMate" folder in "HomeMate" target */ = {
			isa = PBXFileSystemSynchronizedBuildFileExceptionSet;
			membershipExceptions = (
				Info.plist,
			);
			target = C572D7292FF0000600909090 /* HomeMate */;
		};
		D0000024AA0000000000024 /* Exceptions for "HomeMateWidget" folder in "HomeMateWidgetExtension" target */ = {
			isa = PBXFileSystemSynchronizedBuildFileExceptionSet;
			membershipExceptions = (
				Info.plist,
			);
			target = D0000012AA0000000000012 /* HomeMateWidgetExtension */;
		};
/* End PBXFileSystemSynchronizedBuildFileExceptionSet section */

/* Begin PBXFileSystemSynchronizedRootGroup section */
		C572D72C2FF0000600909090 /* HomeMate */ = {
			isa = PBXFileSystemSynchronizedRootGroup;
			exceptions = (
				C572D7502FF0000900909090 /* Exceptions for "HomeMate" folder in "HomeMate" target */,
			);
			path = HomeMate;
			sourceTree = "<group>";
		};
		C572D7412FF0000900909090 /* HomeMateTests */ = {
			isa = PBXFileSystemSynchronizedRootGroup;
			path = HomeMateTests;
			sourceTree = "<group>";
		};
		C572D74B2FF0000900909090 /* HomeMateUITests */ = {
			isa = PBXFileSystemSynchronizedRootGroup;
			path = HomeMateUITests;
			sourceTree = "<group>";
		};
		D0000011AA0000000000011 /* HomeMateWidget */ = {
			isa = PBXFileSystemSynchronizedRootGroup;
			exceptions = (
				D0000024AA0000000000024 /* Exceptions for "HomeMateWidget" folder in "HomeMateWidgetExtension" target */,
			);
			path = HomeMateWidget;
			sourceTree = "<group>";
		};
/* End PBXFileSystemSynchronizedRootGroup section */

/* Begin PBXFrameworksBuildPhase section */
		C572D7272FF0000600909090 /* Frameworks */ = {
			isa = PBXFrameworksBuildPhase;
			buildActionMask = 2147483647;
			files = (
			);
			runOnlyForDeploymentPostprocessing = 0;
		};
		C572D73B2FF0000900909090 /* Frameworks */ = {
			isa = PBXFrameworksBuildPhase;
			buildActionMask = 2147483647;
			files = (
			);
			runOnlyForDeploymentPostprocessing = 0;
		};
		C572D7452FF0000900909090 /* Frameworks */ = {
			isa = PBXFrameworksBuildPhase;
			buildActionMask = 2147483647;
			files = (
			);
			runOnlyForDeploymentPostprocessing = 0;
		};
		D0000014AA0000000000014 /* Frameworks */ = {
			isa = PBXFrameworksBuildPhase;
			buildActionMask = 2147483647;
			files = (
			);
			runOnlyForDeploymentPostprocessing = 0;
		};
/* End PBXFrameworksBuildPhase section */

/* Begin PBXGroup section */
		C572D7212FF0000600909090 = {
			isa = PBXGroup;
			children = (
				C572D72C2FF0000600909090 /* HomeMate */,
				D0000011AA0000000000011 /* HomeMateWidget */,
				D0000025AA0000000000025 /* WidgetShared */,
				C572D7412FF0000900909090 /* HomeMateTests */,
				C572D74B2FF0000900909090 /* HomeMateUITests */,
				C572D72B2FF0000600909090 /* Products */,
			);
			sourceTree = "<group>";
		};
		C572D72B2FF0000600909090 /* Products */ = {
			isa = PBXGroup;
			children = (
				C572D72A2FF0000600909090 /* HomeMate.app */,
				C572D73E2FF0000900909090 /* HomeMateTests.xctest */,
				C572D7482FF0000900909090 /* HomeMateUITests.xctest */,
				D0000010AA0000000000010 /* HomeMateWidgetExtension.appex */,
			);
			name = Products;
			sourceTree = "<group>";
		};
		D0000025AA0000000000025 /* WidgetShared */ = {
			isa = PBXGroup;
			children = (
				D0000020AA0000000000020 /* WidgetSnapshot.swift */,
				D0000021AA0000000000021 /* AppConfig.swift */,
			);
			name = WidgetShared;
			sourceTree = "<group>";
		};
/* End PBXGroup section */

/* Begin PBXNativeTarget section */
		C572D7292FF0000600909090 /* HomeMate */ = {
			isa = PBXNativeTarget;
			buildConfigurationList = C572D7512FF0000900909090 /* Build configuration list for PBXNativeTarget "HomeMate" */;
			buildPhases = (
				C572D7262FF0000600909090 /* Sources */,
				C572D7272FF0000600909090 /* Frameworks */,
				C572D7282FF0000600909090 /* Resources */,
				D000001BAA000000000001B /* Embed Foundation Extensions */,
			);
			buildRules = (
			);
			dependencies = (
				D0000019AA0000000000019 /* PBXTargetDependency */,
			);
			fileSystemSynchronizedGroups = (
				C572D72C2FF0000600909090 /* HomeMate */,
			);
			name = HomeMate;
			packageProductDependencies = (
			);
			productName = HomeMate;
			productReference = C572D72A2FF0000600909090 /* HomeMate.app */;
			productType = "com.apple.product-type.application";
		};
		C572D73D2FF0000900909090 /* HomeMateTests */ = {
			isa = PBXNativeTarget;
			buildConfigurationList = C572D7562FF0000900909090 /* Build configuration list for PBXNativeTarget "HomeMateTests" */;
			buildPhases = (
				C572D73A2FF0000900909090 /* Sources */,
				C572D73B2FF0000900909090 /* Frameworks */,
				C572D73C2FF0000900909090 /* Resources */,
			);
			buildRules = (
			);
			dependencies = (
				C572D7402FF0000900909090 /* PBXTargetDependency */,
			);
			fileSystemSynchronizedGroups = (
				C572D7412FF0000900909090 /* HomeMateTests */,
			);
			name = HomeMateTests;
			packageProductDependencies = (
			);
			productName = HomeMateTests;
			productReference = C572D73E2FF0000900909090 /* HomeMateTests.xctest */;
			productType = "com.apple.product-type.bundle.unit-test";
		};
		C572D7472FF0000900909090 /* HomeMateUITests */ = {
			isa = PBXNativeTarget;
			buildConfigurationList = C572D7592FF0000900909090 /* Build configuration list for PBXNativeTarget "HomeMateUITests" */;
			buildPhases = (
				C572D7442FF0000900909090 /* Sources */,
				C572D7452FF0000900909090 /* Frameworks */,
				C572D7462FF0000900909090 /* Resources */,
			);
			buildRules = (
			);
			dependencies = (
				C572D74A2FF0000900909090 /* PBXTargetDependency */,
			);
			fileSystemSynchronizedGroups = (
				C572D74B2FF0000900909090 /* HomeMateUITests */,
			);
			name = HomeMateUITests;
			packageProductDependencies = (
			);
			productName = HomeMateUITests;
			productReference = C572D7482FF0000900909090 /* HomeMateUITests.xctest */;
			productType = "com.apple.product-type.bundle.ui-testing";
		};
		D0000012AA0000000000012 /* HomeMateWidgetExtension */ = {
			isa = PBXNativeTarget;
			buildConfigurationList = D0000018AA0000000000018 /* Build configuration list for PBXNativeTarget "HomeMateWidgetExtension" */;
			buildPhases = (
				D0000013AA0000000000013 /* Sources */,
				D0000014AA0000000000014 /* Frameworks */,
				D0000015AA0000000000015 /* Resources */,
			);
			buildRules = (
			);
			dependencies = (
			);
			fileSystemSynchronizedGroups = (
				D0000011AA0000000000011 /* HomeMateWidget */,
			);
			name = HomeMateWidgetExtension;
			packageProductDependencies = (
			);
			productName = HomeMateWidgetExtension;
			productReference = D0000010AA0000000000010 /* HomeMateWidgetExtension.appex */;
			productType = "com.apple.product-type.app-extension";
		};
/* End PBXNativeTarget section */

/* Begin PBXProject section */
		C572D7222FF0000600909090 /* Project object */ = {
			isa = PBXProject;
			attributes = {
				BuildIndependentTargetsInParallel = 1;
				LastSwiftUpdateCheck = 2630;
				LastUpgradeCheck = 2630;
				TargetAttributes = {
					C572D7292FF0000600909090 = {
						CreatedOnToolsVersion = 26.3;
					};
					C572D73D2FF0000900909090 = {
						CreatedOnToolsVersion = 26.3;
						TestTargetID = C572D7292FF0000600909090;
					};
					C572D7472FF0000900909090 = {
						CreatedOnToolsVersion = 26.3;
						TestTargetID = C572D7292FF0000600909090;
					};
					D0000012AA0000000000012 = {
						CreatedOnToolsVersion = 26.3;
					};
				};
			};
			buildConfigurationList = C572D7252FF0000600909090 /* Build configuration list for PBXProject "HomeMate" */;
			developmentRegion = en;
			hasScannedForEncodings = 0;
			knownRegions = (
				en,
				Base,
				ja,
			);
			mainGroup = C572D7212FF0000600909090;
			minimizedProjectReferenceProxies = 1;
			preferredProjectObjectVersion = 77;
			productRefGroup = C572D72B2FF0000600909090 /* Products */;
			projectDirPath = "";
			projectRoot = "";
			targets = (
				C572D7292FF0000600909090 /* HomeMate */,
				C572D73D2FF0000900909090 /* HomeMateTests */,
				C572D7472FF0000900909090 /* HomeMateUITests */,
				D0000012AA0000000000012 /* HomeMateWidgetExtension */,
			);
		};
/* End PBXProject section */

/* Begin PBXResourcesBuildPhase section */
		C572D7282FF0000600909090 /* Resources */ = {
			isa = PBXResourcesBuildPhase;
			buildActionMask = 2147483647;
			files = (
			);
			runOnlyForDeploymentPostprocessing = 0;
		};
		C572D73C2FF0000900909090 /* Resources */ = {
			isa = PBXResourcesBuildPhase;
			buildActionMask = 2147483647;
			files = (
			);
			runOnlyForDeploymentPostprocessing = 0;
		};
		C572D7462FF0000900909090 /* Resources */ = {
			isa = PBXResourcesBuildPhase;
			buildActionMask = 2147483647;
			files = (
			);
			runOnlyForDeploymentPostprocessing = 0;
		};
		D0000015AA0000000000015 /* Resources */ = {
			isa = PBXResourcesBuildPhase;
			buildActionMask = 2147483647;
			files = (
			);
			runOnlyForDeploymentPostprocessing = 0;
		};
/* End PBXResourcesBuildPhase section */

/* Begin PBXSourcesBuildPhase section */
		C572D7262FF0000600909090 /* Sources */ = {
			isa = PBXSourcesBuildPhase;
			buildActionMask = 2147483647;
			files = (
			);
			runOnlyForDeploymentPostprocessing = 0;
		};
		C572D73A2FF0000900909090 /* Sources */ = {
			isa = PBXSourcesBuildPhase;
			buildActionMask = 2147483647;
			files = (
			);
			runOnlyForDeploymentPostprocessing = 0;
		};
		C572D7442FF0000900909090 /* Sources */ = {
			isa = PBXSourcesBuildPhase;
			buildActionMask = 2147483647;
			files = (
			);
			runOnlyForDeploymentPostprocessing = 0;
		};
		D0000013AA0000000000013 /* Sources */ = {
			isa = PBXSourcesBuildPhase;
			buildActionMask = 2147483647;
			files = (
				D0000022AA0000000000022 /* WidgetSnapshot.swift in Sources */,
				D0000023AA0000000000023 /* AppConfig.swift in Sources */,
			);
			runOnlyForDeploymentPostprocessing = 0;
		};
/* End PBXSourcesBuildPhase section */

/* Begin PBXTargetDependency section */
		C572D7402FF0000900909090 /* PBXTargetDependency */ = {
			isa = PBXTargetDependency;
			target = C572D7292FF0000600909090 /* HomeMate */;
			targetProxy = C572D73F2FF0000900909090 /* PBXContainerItemProxy */;
		};
		C572D74A2FF0000900909090 /* PBXTargetDependency */ = {
			isa = PBXTargetDependency;
			target = C572D7292FF0000600909090 /* HomeMate */;
			targetProxy = C572D7492FF0000900909090 /* PBXContainerItemProxy */;
		};
		D0000019AA0000000000019 /* PBXTargetDependency */ = {
			isa = PBXTargetDependency;
			target = D0000012AA0000000000012 /* HomeMateWidgetExtension */;
			targetProxy = D000001AAA000000000001A /* PBXContainerItemProxy */;
		};
/* End PBXTargetDependency section */

/* Begin XCBuildConfiguration section */
		C572D7522FF0000900909090 /* Debug */ = {
			isa = XCBuildConfiguration;
			buildSettings = {
				ASSETCATALOG_COMPILER_APPICON_NAME = AppIcon;
				ASSETCATALOG_COMPILER_GLOBAL_ACCENT_COLOR_NAME = AccentColor;
				CODE_SIGN_ENTITLEMENTS = HomeMate/HomeMate.entitlements;
				CODE_SIGN_IDENTITY = "Apple Development";
				CODE_SIGN_STYLE = Automatic;
				CURRENT_PROJECT_VERSION = 1;
				DEVELOPMENT_TEAM = 6P58LD39J7;
				ENABLE_PREVIEWS = YES;
				GENERATE_INFOPLIST_FILE = YES;
				INFOPLIST_FILE = HomeMate/Info.plist;
				INFOPLIST_KEY_CFBundleDisplayName = HomeMate;
				INFOPLIST_KEY_UIApplicationSceneManifest_Generation = YES;
				INFOPLIST_KEY_UIApplicationSupportsIndirectInputEvents = YES;
				INFOPLIST_KEY_UILaunchScreen_Generation = YES;
				INFOPLIST_KEY_UISupportedInterfaceOrientations_iPad = "UIInterfaceOrientationPortrait UIInterfaceOrientationPortraitUpsideDown UIInterfaceOrientationLandscapeLeft UIInterfaceOrientationLandscapeRight";
				INFOPLIST_KEY_UISupportedInterfaceOrientations_iPhone = "UIInterfaceOrientationPortrait UIInterfaceOrientationLandscapeLeft UIInterfaceOrientationLandscapeRight";
				LD_RUNPATH_SEARCH_PATHS = (
					"$(inherited)",
					"@executable_path/Frameworks",
				);
				MARKETING_VERSION = 1.0;
				PRODUCT_BUNDLE_IDENTIFIER = com.yostfandy.HomeMate;
				PRODUCT_NAME = "$(TARGET_NAME)";
				PROVISIONING_PROFILE_SPECIFIER = "";
				STRING_CATALOG_GENERATE_SYMBOLS = YES;
				SWIFT_APPROACHABLE_CONCURRENCY = YES;
				SWIFT_DEFAULT_ACTOR_ISOLATION = MainActor;
				SWIFT_EMIT_LOC_STRINGS = YES;
				SWIFT_UPCOMING_FEATURE_MEMBER_IMPORT_VISIBILITY = YES;
				SWIFT_VERSION = 5.0;
				TARGETED_DEVICE_FAMILY = "1,2";
			};
			name = Debug;
		};
		C572D7532FF0000900909090 /* Release */ = {
			isa = XCBuildConfiguration;
			buildSettings = {
				ASSETCATALOG_COMPILER_APPICON_NAME = AppIcon;
				ASSETCATALOG_COMPILER_GLOBAL_ACCENT_COLOR_NAME = AccentColor;
				CODE_SIGN_ENTITLEMENTS = HomeMate/HomeMate.entitlements;
				CODE_SIGN_IDENTITY = "Apple Development";
				CODE_SIGN_STYLE = Automatic;
				CURRENT_PROJECT_VERSION = 1;
				DEVELOPMENT_TEAM = 6P58LD39J7;
				ENABLE_PREVIEWS = YES;
				GENERATE_INFOPLIST_FILE = YES;
				INFOPLIST_FILE = HomeMate/Info.plist;
				INFOPLIST_KEY_CFBundleDisplayName = HomeMate;
				INFOPLIST_KEY_UIApplicationSceneManifest_Generation = YES;
				INFOPLIST_KEY_UIApplicationSupportsIndirectInputEvents = YES;
				INFOPLIST_KEY_UILaunchScreen_Generation = YES;
				INFOPLIST_KEY_UISupportedInterfaceOrientations_iPad = "UIInterfaceOrientationPortrait UIInterfaceOrientationPortraitUpsideDown UIInterfaceOrientationLandscapeLeft UIInterfaceOrientationLandscapeRight";
				INFOPLIST_KEY_UISupportedInterfaceOrientations_iPhone = "UIInterfaceOrientationPortrait UIInterfaceOrientationLandscapeLeft UIInterfaceOrientationLandscapeRight";
				LD_RUNPATH_SEARCH_PATHS = (
					"$(inherited)",
					"@executable_path/Frameworks",
				);
				MARKETING_VERSION = 1.0;
				PRODUCT_BUNDLE_IDENTIFIER = com.yostfandy.HomeMate;
				PRODUCT_NAME = "$(TARGET_NAME)";
				PROVISIONING_PROFILE_SPECIFIER = "";
				STRING_CATALOG_GENERATE_SYMBOLS = YES;
				SWIFT_APPROACHABLE_CONCURRENCY = YES;
				SWIFT_DEFAULT_ACTOR_ISOLATION = MainActor;
				SWIFT_EMIT_LOC_STRINGS = YES;
				SWIFT_UPCOMING_FEATURE_MEMBER_IMPORT_VISIBILITY = YES;
				SWIFT_VERSION = 5.0;
				TARGETED_DEVICE_FAMILY = "1,2";
			};
			name = Release;
		};
		C572D7542FF0000900909090 /* Debug */ = {
			isa = XCBuildConfiguration;
			buildSettings = {
				ALWAYS_SEARCH_USER_PATHS = NO;
				ASSETCATALOG_COMPILER_GENERATE_SWIFT_ASSET_SYMBOL_EXTENSIONS = YES;
				CLANG_ANALYZER_NONNULL = YES;
				CLANG_ANALYZER_NUMBER_OBJECT_CONVERSION = YES_AGGRESSIVE;
				CLANG_CXX_LANGUAGE_STANDARD = "gnu++20";
				CLANG_ENABLE_MODULES = YES;
				CLANG_ENABLE_OBJC_ARC = YES;
				CLANG_ENABLE_OBJC_WEAK = YES;
				CLANG_WARN_BLOCK_CAPTURE_AUTORELEASING = YES;
				CLANG_WARN_BOOL_CONVERSION = YES;
				CLANG_WARN_COMMA = YES;
				CLANG_WARN_CONSTANT_CONVERSION = YES;
				CLANG_WARN_DEPRECATED_OBJC_IMPLEMENTATIONS = YES;
				CLANG_WARN_DIRECT_OBJC_ISA_USAGE = YES_ERROR;
				CLANG_WARN_DOCUMENTATION_COMMENTS = YES;
				CLANG_WARN_EMPTY_BODY = YES;
				CLANG_WARN_ENUM_CONVERSION = YES;
				CLANG_WARN_INFINITE_RECURSION = YES;
				CLANG_WARN_INT_CONVERSION = YES;
				CLANG_WARN_NON_LITERAL_NULL_CONVERSION = YES;
				CLANG_WARN_OBJC_IMPLICIT_RETAIN_SELF = YES;
				CLANG_WARN_OBJC_LITERAL_CONVERSION = YES;
				CLANG_WARN_OBJC_ROOT_CLASS = YES_ERROR;
				CLANG_WARN_QUOTED_INCLUDE_IN_FRAMEWORK_HEADER = YES;
				CLANG_WARN_RANGE_LOOP_ANALYSIS = YES;
				CLANG_WARN_STRICT_PROTOTYPES = YES;
				CLANG_WARN_SUSPICIOUS_MOVE = YES;
				CLANG_WARN_UNGUARDED_AVAILABILITY = YES_AGGRESSIVE;
				CLANG_WARN_UNREACHABLE_CODE = YES;
				CLANG_WARN__DUPLICATE_METHOD_MATCH = YES;
				COPY_PHASE_STRIP = NO;
				DEBUG_INFORMATION_FORMAT = dwarf;
				DEVELOPMENT_TEAM = FD3KVJ36JK;
				ENABLE_STRICT_OBJC_MSGSEND = YES;
				ENABLE_TESTABILITY = YES;
				ENABLE_USER_SCRIPT_SANDBOXING = YES;
				GCC_C_LANGUAGE_STANDARD = gnu17;
				GCC_DYNAMIC_NO_PIC = NO;
				GCC_NO_COMMON_BLOCKS = YES;
				GCC_OPTIMIZATION_LEVEL = 0;
				GCC_PREPROCESSOR_DEFINITIONS = (
					"DEBUG=1",
					"$(inherited)",
				);
				GCC_WARN_64_TO_32_BIT_CONVERSION = YES;
				GCC_WARN_ABOUT_RETURN_TYPE = YES_ERROR;
				GCC_WARN_UNDECLARED_SELECTOR = YES;
				GCC_WARN_UNINITIALIZED_AUTOS = YES_AGGRESSIVE;
				GCC_WARN_UNUSED_FUNCTION = YES;
				GCC_WARN_UNUSED_VARIABLE = YES;
				IPHONEOS_DEPLOYMENT_TARGET = 17.0;
				LOCALIZATION_PREFERS_STRING_CATALOGS = YES;
				MTL_ENABLE_DEBUG_INFO = INCLUDE_SOURCE;
				MTL_FAST_MATH = YES;
				ONLY_ACTIVE_ARCH = YES;
				SDKROOT = iphoneos;
				SWIFT_ACTIVE_COMPILATION_CONDITIONS = "DEBUG $(inherited)";
				SWIFT_OPTIMIZATION_LEVEL = "-Onone";
			};
			name = Debug;
		};
		C572D7552FF0000900909090 /* Release */ = {
			isa = XCBuildConfiguration;
			buildSettings = {
				ALWAYS_SEARCH_USER_PATHS = NO;
				ASSETCATALOG_COMPILER_GENERATE_SWIFT_ASSET_SYMBOL_EXTENSIONS = YES;
				CLANG_ANALYZER_NONNULL = YES;
				CLANG_ANALYZER_NUMBER_OBJECT_CONVERSION = YES_AGGRESSIVE;
				CLANG_CXX_LANGUAGE_STANDARD = "gnu++20";
				CLANG_ENABLE_MODULES = YES;
				CLANG_ENABLE_OBJC_ARC = YES;
				CLANG_ENABLE_OBJC_WEAK = YES;
				CLANG_WARN_BLOCK_CAPTURE_AUTORELEASING = YES;
				CLANG_WARN_BOOL_CONVERSION = YES;
				CLANG_WARN_COMMA = YES;
				CLANG_WARN_CONSTANT_CONVERSION = YES;
				CLANG_WARN_DEPRECATED_OBJC_IMPLEMENTATIONS = YES;
				CLANG_WARN_DIRECT_OBJC_ISA_USAGE = YES_ERROR;
				CLANG_WARN_DOCUMENTATION_COMMENTS = YES;
				CLANG_WARN_EMPTY_BODY = YES;
				CLANG_WARN_ENUM_CONVERSION = YES;
				CLANG_WARN_INFINITE_RECURSION = YES;
				CLANG_WARN_INT_CONVERSION = YES;
				CLANG_WARN_NON_LITERAL_NULL_CONVERSION = YES;
				CLANG_WARN_OBJC_IMPLICIT_RETAIN_SELF = YES;
				CLANG_WARN_OBJC_LITERAL_CONVERSION = YES;
				CLANG_WARN_OBJC_ROOT_CLASS = YES_ERROR;
				CLANG_WARN_QUOTED_INCLUDE_IN_FRAMEWORK_HEADER = YES;
				CLANG_WARN_RANGE_LOOP_ANALYSIS = YES;
				CLANG_WARN_STRICT_PROTOTYPES = YES;
				CLANG_WARN_SUSPICIOUS_MOVE = YES;
				CLANG_WARN_UNGUARDED_AVAILABILITY = YES_AGGRESSIVE;
				CLANG_WARN_UNREACHABLE_CODE = YES;
				CLANG_WARN__DUPLICATE_METHOD_MATCH = YES;
				COPY_PHASE_STRIP = NO;
				DEBUG_INFORMATION_FORMAT = "dwarf-with-dsym";
				DEVELOPMENT_TEAM = FD3KVJ36JK;
				ENABLE_NS_ASSERTIONS = NO;
				ENABLE_STRICT_OBJC_MSGSEND = YES;
				ENABLE_USER_SCRIPT_SANDBOXING = YES;
				GCC_C_LANGUAGE_STANDARD = gnu17;
				GCC_NO_COMMON_BLOCKS = YES;
				GCC_WARN_64_TO_32_BIT_CONVERSION = YES;
				GCC_WARN_ABOUT_RETURN_TYPE = YES_ERROR;
				GCC_WARN_UNDECLARED_SELECTOR = YES;
				GCC_WARN_UNINITIALIZED_AUTOS = YES_AGGRESSIVE;
				GCC_WARN_UNUSED_FUNCTION = YES;
				GCC_WARN_UNUSED_VARIABLE = YES;
				IPHONEOS_DEPLOYMENT_TARGET = 17.0;
				LOCALIZATION_PREFERS_STRING_CATALOGS = YES;
				MTL_ENABLE_DEBUG_INFO = NO;
				MTL_FAST_MATH = YES;
				SDKROOT = iphoneos;
				SWIFT_COMPILATION_MODE = wholemodule;
				VALIDATE_PRODUCT = YES;
			};
			name = Release;
		};
		C572D7572FF0000900909090 /* Debug */ = {
			isa = XCBuildConfiguration;
			buildSettings = {
				BUNDLE_LOADER = "$(TEST_HOST)";
				CODE_SIGN_STYLE = Automatic;
				CURRENT_PROJECT_VERSION = 1;
				GENERATE_INFOPLIST_FILE = YES;
				IPHONEOS_DEPLOYMENT_TARGET = 17.0;
				MARKETING_VERSION = 1.0;
				PRODUCT_BUNDLE_IDENTIFIER = com.yostfandy.HomeMateTests;
				PRODUCT_NAME = "$(TARGET_NAME)";
				STRING_CATALOG_GENERATE_SYMBOLS = NO;
				SWIFT_APPROACHABLE_CONCURRENCY = YES;
				SWIFT_EMIT_LOC_STRINGS = NO;
				SWIFT_UPCOMING_FEATURE_MEMBER_IMPORT_VISIBILITY = YES;
				SWIFT_VERSION = 5.0;
				TARGETED_DEVICE_FAMILY = "1,2";
				TEST_HOST = "$(BUILT_PRODUCTS_DIR)/HomeMate.app/$(BUNDLE_EXECUTABLE_FOLDER_PATH)/HomeMate";
			};
			name = Debug;
		};
		C572D7582FF0000900909090 /* Release */ = {
			isa = XCBuildConfiguration;
			buildSettings = {
				BUNDLE_LOADER = "$(TEST_HOST)";
				CODE_SIGN_STYLE = Automatic;
				CURRENT_PROJECT_VERSION = 1;
				GENERATE_INFOPLIST_FILE = YES;
				IPHONEOS_DEPLOYMENT_TARGET = 17.0;
				MARKETING_VERSION = 1.0;
				PRODUCT_BUNDLE_IDENTIFIER = com.yostfandy.HomeMateTests;
				PRODUCT_NAME = "$(TARGET_NAME)";
				STRING_CATALOG_GENERATE_SYMBOLS = NO;
				SWIFT_APPROACHABLE_CONCURRENCY = YES;
				SWIFT_EMIT_LOC_STRINGS = NO;
				SWIFT_UPCOMING_FEATURE_MEMBER_IMPORT_VISIBILITY = YES;
				SWIFT_VERSION = 5.0;
				TARGETED_DEVICE_FAMILY = "1,2";
				TEST_HOST = "$(BUILT_PRODUCTS_DIR)/HomeMate.app/$(BUNDLE_EXECUTABLE_FOLDER_PATH)/HomeMate";
			};
			name = Release;
		};
		C572D75A2FF0000900909090 /* Debug */ = {
			isa = XCBuildConfiguration;
			buildSettings = {
				CODE_SIGN_STYLE = Automatic;
				CURRENT_PROJECT_VERSION = 1;
				GENERATE_INFOPLIST_FILE = YES;
				MARKETING_VERSION = 1.0;
				PRODUCT_BUNDLE_IDENTIFIER = com.yostfandy.HomeMateUITests;
				PRODUCT_NAME = "$(TARGET_NAME)";
				STRING_CATALOG_GENERATE_SYMBOLS = NO;
				SWIFT_APPROACHABLE_CONCURRENCY = YES;
				SWIFT_EMIT_LOC_STRINGS = NO;
				SWIFT_UPCOMING_FEATURE_MEMBER_IMPORT_VISIBILITY = YES;
				SWIFT_VERSION = 5.0;
				TARGETED_DEVICE_FAMILY = "1,2";
				TEST_TARGET_NAME = HomeMate;
			};
			name = Debug;
		};
		C572D75B2FF0000900909090 /* Release */ = {
			isa = XCBuildConfiguration;
			buildSettings = {
				CODE_SIGN_STYLE = Automatic;
				CURRENT_PROJECT_VERSION = 1;
				GENERATE_INFOPLIST_FILE = YES;
				MARKETING_VERSION = 1.0;
				PRODUCT_BUNDLE_IDENTIFIER = com.yostfandy.HomeMateUITests;
				PRODUCT_NAME = "$(TARGET_NAME)";
				STRING_CATALOG_GENERATE_SYMBOLS = NO;
				SWIFT_APPROACHABLE_CONCURRENCY = YES;
				SWIFT_EMIT_LOC_STRINGS = NO;
				SWIFT_UPCOMING_FEATURE_MEMBER_IMPORT_VISIBILITY = YES;
				SWIFT_VERSION = 5.0;
				TARGETED_DEVICE_FAMILY = "1,2";
				TEST_TARGET_NAME = HomeMate;
			};
			name = Release;
		};
		D0000016AA0000000000016 /* Debug */ = {
			isa = XCBuildConfiguration;
			buildSettings = {
				ASSETCATALOG_COMPILER_GLOBAL_ACCENT_COLOR_NAME = AccentColor;
				CODE_SIGN_ENTITLEMENTS = HomeMateWidget/HomeMateWidget.entitlements;
				CODE_SIGN_STYLE = Automatic;
				CURRENT_PROJECT_VERSION = 1;
				DEVELOPMENT_TEAM = 6P58LD39J7;
				GENERATE_INFOPLIST_FILE = YES;
				INFOPLIST_FILE = HomeMateWidget/Info.plist;
				INFOPLIST_KEY_CFBundleDisplayName = HomeMate;
				INFOPLIST_KEY_NSHumanReadableCopyright = "";
				IPHONEOS_DEPLOYMENT_TARGET = 17.0;
				LD_RUNPATH_SEARCH_PATHS = (
					"$(inherited)",
					"@executable_path/Frameworks",
					"@executable_path/../../Frameworks",
				);
				MARKETING_VERSION = 1.0;
				PRODUCT_BUNDLE_IDENTIFIER = com.yostfandy.HomeMate.HomeMateWidget;
				PRODUCT_NAME = "$(TARGET_NAME)";
				STRING_CATALOG_GENERATE_SYMBOLS = NO;
				SWIFT_APPROACHABLE_CONCURRENCY = YES;
				SWIFT_DEFAULT_ACTOR_ISOLATION = MainActor;
				SWIFT_EMIT_LOC_STRINGS = YES;
				SWIFT_UPCOMING_FEATURE_MEMBER_IMPORT_VISIBILITY = YES;
				SWIFT_VERSION = 5.0;
				TARGETED_DEVICE_FAMILY = "1,2";
			};
			name = Debug;
		};
		D0000017AA0000000000017 /* Release */ = {
			isa = XCBuildConfiguration;
			buildSettings = {
				ASSETCATALOG_COMPILER_GLOBAL_ACCENT_COLOR_NAME = AccentColor;
				CODE_SIGN_ENTITLEMENTS = HomeMateWidget/HomeMateWidget.entitlements;
				CODE_SIGN_STYLE = Automatic;
				CURRENT_PROJECT_VERSION = 1;
				DEVELOPMENT_TEAM = 6P58LD39J7;
				GENERATE_INFOPLIST_FILE = YES;
				INFOPLIST_FILE = HomeMateWidget/Info.plist;
				INFOPLIST_KEY_CFBundleDisplayName = HomeMate;
				INFOPLIST_KEY_NSHumanReadableCopyright = "";
				IPHONEOS_DEPLOYMENT_TARGET = 17.0;
				LD_RUNPATH_SEARCH_PATHS = (
					"$(inherited)",
					"@executable_path/Frameworks",
					"@executable_path/../../Frameworks",
				);
				MARKETING_VERSION = 1.0;
				PRODUCT_BUNDLE_IDENTIFIER = com.yostfandy.HomeMate.HomeMateWidget;
				PRODUCT_NAME = "$(TARGET_NAME)";
				STRING_CATALOG_GENERATE_SYMBOLS = NO;
				SWIFT_APPROACHABLE_CONCURRENCY = YES;
				SWIFT_DEFAULT_ACTOR_ISOLATION = MainActor;
				SWIFT_EMIT_LOC_STRINGS = YES;
				SWIFT_UPCOMING_FEATURE_MEMBER_IMPORT_VISIBILITY = YES;
				SWIFT_VERSION = 5.0;
				TARGETED_DEVICE_FAMILY = "1,2";
			};
			name = Release;
		};
/* End XCBuildConfiguration section */

/* Begin XCConfigurationList section */
		C572D7252FF0000600909090 /* Build configuration list for PBXProject "HomeMate" */ = {
			isa = XCConfigurationList;
			buildConfigurations = (
				C572D7542FF0000900909090 /* Debug */,
				C572D7552FF0000900909090 /* Release */,
			);
			defaultConfigurationIsVisible = 0;
			defaultConfigurationName = Release;
		};
		C572D7512FF0000900909090 /* Build configuration list for PBXNativeTarget "HomeMate" */ = {
			isa = XCConfigurationList;
			buildConfigurations = (
				C572D7522FF0000900909090 /* Debug */,
				C572D7532FF0000900909090 /* Release */,
			);
			defaultConfigurationIsVisible = 0;
			defaultConfigurationName = Release;
		};
		C572D7562FF0000900909090 /* Build configuration list for PBXNativeTarget "HomeMateTests" */ = {
			isa = XCConfigurationList;
			buildConfigurations = (
				C572D7572FF0000900909090 /* Debug */,
				C572D7582FF0000900909090 /* Release */,
			);
			defaultConfigurationIsVisible = 0;
			defaultConfigurationName = Release;
		};
		C572D7592FF0000900909090 /* Build configuration list for PBXNativeTarget "HomeMateUITests" */ = {
			isa = XCConfigurationList;
			buildConfigurations = (
				C572D75A2FF0000900909090 /* Debug */,
				C572D75B2FF0000900909090 /* Release */,
			);
			defaultConfigurationIsVisible = 0;
			defaultConfigurationName = Release;
		};
		D0000018AA0000000000018 /* Build configuration list for PBXNativeTarget "HomeMateWidgetExtension" */ = {
			isa = XCConfigurationList;
			buildConfigurations = (
				D0000016AA0000000000016 /* Debug */,
				D0000017AA0000000000017 /* Release */,
			);
			defaultConfigurationIsVisible = 0;
			defaultConfigurationName = Release;
		};
/* End XCConfigurationList section */
	};
	rootObject = C572D7222FF0000600909090 /* Project object */;
}
